// !$*UTF8*$!
{
	archiveVersion = 1;
	classes = {
	};
	objectVersion = 77;
	objects = {

/* Begin PBXBuildFile section */
		184663C5EAA33A42CA66BBBB /* VCSType.swift in Sources */ = {isa = PBXBuildFile; fileRef = BD9D8050C0B03F827872CC72 /* VCSType.swift */; };
		28E0137ED7D0A9DDC51A27A6 /* FileChange.swift in Sources */ = {isa = PBXBuildFile; fileRef = A10564EE9AF457416465F62D /* FileChange.swift */; };
		3251E77D9085383118BFAF1E /* SocketServer.swift in Sources */ = {isa = PBXBuildFile; fileRef = 5E0978BBFBDC197AD349E9F5 /* SocketServer.swift */; };
		47A3ECC051305542063B06E0 /* ContentView.swift in Sources */ = {isa = PBXBuildFile; fileRef = 7728FC471410616E9FED7A2D /* ContentView.swift */; };
		60E0FC9B82EAE9F21A3CD2CD /* SocketClient.swift in Sources */ = {isa = PBXBuildFile; fileRef = 3E97C4331A6A2B294BFCA1E6 /* SocketClient.swift */; };
		64467DA5AC2640FFF9D48C31 /* Database.swift in Sources */ = {isa = PBXBuildFile; fileRef = DECE7D7EE0B37901DADC5F11 /* Database.swift */; };
		70E7223E6442AAB1656BE297 /* VCSProvider.swift in Sources */ = {isa = PBXBuildFile; fileRef = 98CDF552C67056A28C4819EA /* VCSProvider.swift */; };
		82F7D1192E2BC5D116E1155F /* Sparkle in Frameworks */ = {isa = PBXBuildFile; productRef = E7DF57F61F6B0D86D735C19F /* Sparkle */; };
		8A911B5B50873530D8061506 /* PromptEvent.swift in Sources */ = {isa = PBXBuildFile; fileRef = 851939F6461B1C59CF8F1823 /* PromptEvent.swift */; };
		C307CB874E94C03E8F8E63FD /* GitProvider.swift in Sources */ = {isa = PBXBuildFile; fileRef = 3D069F5ACA9BB864C8B7AFA6 /* GitProvider.swift */; };
		5B2C3D4E5F6A7B8C9D0E1F2A /* MercurialProvider.swift in Sources */ = {isa = PBXBuildFile; fileRef = 4A1B2C3D4E5F6A7B8C9D0E1F /* MercurialProvider.swift */; };
		9F2B3C4D5E6F7A8B9C0D1E2F /* SaplingProvider.swift in Sources */ = {isa = PBXBuildFile; fileRef = 8E1A2B3C4D5E6F7A8B9C0D1E /* SaplingProvider.swift */; };
		C6790B0751E4DA40828B609D /* Session.swift in Sources */ = {isa = PBXBuildFile; fileRef = 127A4015EC6E11386657358E /* Session.swift */; };
		AABB5566778899001122EEFF /* HookEvent.swift in Sources */ = {isa = PBXBuildFile; fileRef = 5566778899AABB001122EEFF /* HookEvent.swift */; };
		D80D064DB9F6C9C9DF635713 /* NoCrumbsApp.swift in Sources */ = {isa = PBXBuildFile; fileRef = 776872DA80B73BA9E09C28A3 /* NoCrumbsApp.swift */; };
		B2D3E4F506172839405A6B7C /* VCSBinaryResolver.swift in Sources */ = {isa = PBXBuildFile; fileRef = A1C2D3E4F5061728394A5B6C /* VCSBinaryResolver.swift */; };
		E5439CA1FB677D97447268AE /* VCSDetector.swift in Sources */ = {isa = PBXBuildFile; fileRef = 37CE3F16F07E020EEDE309B8 /* VCSDetector.swift */; };
		F1A2B3C4D5E6F7089AB0C1D2 /* SettingsView.swift in Sources */ = {isa = PBXBuildFile; fileRef = A1B2C3D4E5F60718293A4B5C /* SettingsView.swift */; };
		FB0B46458B8730FFCAE8EF9E /* AppDelegate.swift in Sources */ = {isa = PBXBuildFile; fileRef = A77379228A89D5FF2E9A7E4C /* AppDelegate.swift */; };
		11AA22BB33CC44DD55EE66FF /* FileDiff.swift in Sources */ = {isa = PBXBuildFile; fileRef = AA11BB22CC33DD44EE55FF66 /* FileDiff.swift */; };
		22BB33CC44DD55EE66FF1122 /* DiffParser.swift in Sources */ = {isa = PBXBuildFile; fileRef = BB22CC33DD44EE55FF661122 /* DiffParser.swift */; };
		33CC44DD55EE66FF112233AA /* DiffViewModel.swift in Sources */ = {isa = PBXBuildFile; fileRef = CC33DD44EE55FF66112233AA /* DiffViewModel.swift */; };
		AC66087FA863BA2B63FCFB61 /* SyntaxHighlighter.swift in Sources */ = {isa = PBXBuildFile; fileRef = C23A6484EE0CAB5CE9B32C38 /* SyntaxHighlighter.swift */; };
		44DD55EE66FF112233AABB44 /* DiffDetailView.swift in Sources */ = {isa = PBXBuildFile; fileRef = DD44EE55FF6611223344AABB /* DiffDetailView.swift */; };
		B2C3D4E5F60718293A4B5C6D /* DiffSplitView.swift in Sources */ = {isa = PBXBuildFile; fileRef = A1B2C3D4E5F6071829304A5B /* DiffSplitView.swift */; };
		55EE66FF1122AABB33CC4455 /* DiffTextView.swift in Sources */ = {isa = PBXBuildFile; fileRef = EE55FF66112233AABB44CC55 /* DiffTextView.swift */; };
		66FF112233AABB44CC5566DD /* DiffScrollSync.swift in Sources */ = {isa = PBXBuildFile; fileRef = FF6611223344AABB55CC66DD /* DiffScrollSync.swift */; };
		913317F929604861AE97FA87 /* DiffTheme.swift in Sources */ = {isa = PBXBuildFile; fileRef = 82DC92447C6446A1BF848CBC /* DiffTheme.swift */; };
		A727F52251F34B02989F64F8 /* ThemeManager.swift in Sources */ = {isa = PBXBuildFile; fileRef = F7429159932245388144C228 /* ThemeManager.swift */; };
		E6538BB9AA424D58A373AFFF /* gruvbox-dark.json in Resources */ = {isa = PBXBuildFile; fileRef = 16CC5B04947142E6A122A17A /* gruvbox-dark.json */; };
		T1A00001AA424D58A373AF01 /* catppuccin-mocha.json in Resources */ = {isa = PBXBuildFile; fileRef = T1F00001947142E6A122A101 /* catppuccin-mocha.json */; };
		T1A00002AA424D58A373AF02 /* tokyo-night.json in Resources */ = {isa = PBXBuildFile; fileRef = T1F00002947142E6A122A102 /* tokyo-night.json */; };
		T1A00003AA424D58A373AF03 /* kanagawa.json in Resources */ = {isa = PBXBuildFile; fileRef = T1F00003947142E6A122A103 /* kanagawa.json */; };
		T1A00004AA424D58A373AF04 /* rose-pine.json in Resources */ = {isa = PBXBuildFile; fileRef = T1F00004947142E6A122A104 /* rose-pine.json */; };
		T1A00005AA424D58A373AF05 /* nord.json in Resources */ = {isa = PBXBuildFile; fileRef = T1F00005947142E6A122A105 /* nord.json */; };
		T1A00006AA424D58A373AF06 /* dracula.json in Resources */ = {isa = PBXBuildFile; fileRef = T1F00006947142E6A122A106 /* dracula.json */; };
		T1A00007AA424D58A373AF07 /* solarized-dark.json in Resources */ = {isa = PBXBuildFile; fileRef = T1F00007947142E6A122A107 /* solarized-dark.json */; };
		T1A00008AA424D58A373AF08 /* one-dark-pro.json in Resources */ = {isa = PBXBuildFile; fileRef = T1F00008947142E6A122A108 /* one-dark-pro.json */; };
		T1A00009AA424D58A373AF09 /* monokai.json in Resources */ = {isa = PBXBuildFile; fileRef = T1F00009947142E6A122A109 /* monokai.json */; };
		T1A0000AAA424D58A373AF0A /* ayu-dark.json in Resources */ = {isa = PBXBuildFile; fileRef = T1F0000A947142E6A122A10A /* ayu-dark.json */; };
		A1C0BBBB1111222233334444 /* Assets.xcassets in Resources */ = {isa = PBXBuildFile; fileRef = A1C0AAAA1111222233334444 /* Assets.xcassets */; };
		T1A0000BAA424D58A373AF0B /* everforest-dark.json in Resources */ = {isa = PBXBuildFile; fileRef = T1F0000B947142E6A122A10B /* everforest-dark.json */; };
		T1A0000CAA424D58A373AF0C /* nightfox.json in Resources */ = {isa = PBXBuildFile; fileRef = T1F0000C947142E6A122A10C /* nightfox.json */; };
		T1A0000DAA424D58A373AF0D /* solarized-light.json in Resources */ = {isa = PBXBuildFile; fileRef = T1F0000D947142E6A122A10D /* solarized-light.json */; };
		T1A0000EAA424D58A373AF0E /* one-light.json in Resources */ = {isa = PBXBuildFile; fileRef = T1F0000E947142E6A122A10E /* one-light.json */; };
		T1A0000FAA424D58A373AF0F /* catppuccin-latte.json in Resources */ = {isa = PBXBuildFile; fileRef = T1F0000F947142E6A122A10F /* catppuccin-latte.json */; };
		T1A00010AA424D58A373AF10 /* rose-pine-dawn.json in Resources */ = {isa = PBXBuildFile; fileRef = T1F00010947142E6A122A110 /* rose-pine-dawn.json */; };
		T1A00011AA424D58A373AF11 /* github-light.json in Resources */ = {isa = PBXBuildFile; fileRef = T1F00011947142E6A122A111 /* github-light.json */; };
		AA55BB66CC77DD88EE990011 /* DiffStat.swift in Sources */ = {isa = PBXBuildFile; fileRef = BB55CC66DD77EE88FF990011 /* DiffStat.swift */; };
		AA66CC77DD88EE99FF001122 /* SessionSummaryViewModel.swift in Sources */ = {isa = PBXBuildFile; fileRef = BB66DD77EE88FF99AA001122 /* SessionSummaryViewModel.swift */; };
		AA77DD88EE99FF00AA112233 /* SessionSummaryView.swift in Sources */ = {isa = PBXBuildFile; fileRef = BB77EE88FF99AA00BB112233 /* SessionSummaryView.swift */; };
		AA88EE99FF00AA11BB223344 /* SessionStateIndicator.swift in Sources */ = {isa = PBXBuildFile; fileRef = BB88FF99AA00BB11CC223344 /* SessionStateIndicator.swift */; };
		C1A2B3C4D5E6F7A8B9C0D1E3 /* CheckForUpdatesView.swift in Sources */ = {isa = PBXBuildFile; fileRef = C1A2B3C4D5E6F7A8B9C0D1E2 /* CheckForUpdatesView.swift */; };
		AA1122334455667788990011 /* DiffParserTests.swift in Sources */ = {isa = PBXBuildFile; fileRef = BB1122334455667788990011 /* DiffParserTests.swift */; };
		AA2233445566778899001122 /* GitProviderTests.swift in Sources */ = {isa = PBXBuildFile; fileRef = BB2233445566778899001122 /* GitProviderTests.swift */; };
		7D4E5F6A7B8C9D0E1F2A3B4C /* MercurialProviderTests.swift in Sources */ = {isa = PBXBuildFile; fileRef = 6C3D4E5F6A7B8C9D0E1F2A3B /* MercurialProviderTests.swift */; };
		9F4D5E6F7A8B9C0D1E2F3A4B /* SaplingProviderTests.swift in Sources */ = {isa = PBXBuildFile; fileRef = 8E3C4D5E6F7A8B9C0D1E2F3A /* SaplingProviderTests.swift */; };
		AA3344556677889900112233 /* DiffViewModelTests.swift in Sources */ = {isa = PBXBuildFile; fileRef = BB3344556677889900112233 /* DiffViewModelTests.swift */; };
		AA4455667788990011223344 /* VCSDetectorTests.swift in Sources */ = {isa = PBXBuildFile; fileRef = BB4455667788990011223344 /* VCSDetectorTests.swift */; };
		AA5566778899001122334455 /* DatabaseTests.swift in Sources */ = {isa = PBXBuildFile; fileRef = BB5566778899001122334455 /* DatabaseTests.swift */; };
		SQ1A0001A2B3C4D5E6F70001 /* SequenceBoundaryTests.swift in Sources */ = {isa = PBXBuildFile; fileRef = SQ1A0002A2B3C4D5E6F70002 /* SequenceBoundaryTests.swift */; };
		T3F00001TEMPLATE00TEST01 /* TemplateTests.swift in Sources */ = {isa = PBXBuildFile; fileRef = T3F00002TEMPLATE00TEST02 /* TemplateTests.swift */; };
		T2A00001BB534E69B484BF01 /* CommitTemplate.swift in Sources */ = {isa = PBXBuildFile; fileRef = T2F00001947253F7B233B101 /* CommitTemplate.swift */; };
		T2A00002BB534E69B484BF02 /* TemplateRenderer.swift in Sources */ = {isa = PBXBuildFile; fileRef = T2F00002947253F7B233B102 /* TemplateRenderer.swift */; };
		DA11AA22BB33CC44DD55EE01 /* AppColors.swift in Sources */ = {isa = PBXBuildFile; fileRef = CA11AA22BB33CC44DD55EE01 /* AppColors.swift */; };
		DA11AA22BB33CC44DD55EE02 /* AppFonts.swift in Sources */ = {isa = PBXBuildFile; fileRef = CA11AA22BB33CC44DD55EE02 /* AppFonts.swift */; };
		DA11AA22BB33CC44DD55EE03 /* AppScale.swift in Sources */ = {isa = PBXBuildFile; fileRef = CA11AA22BB33CC44DD55EE03 /* AppScale.swift */; };
		DA11AA22BB33CC44DD55EE04 /* LayoutGuide.swift in Sources */ = {isa = PBXBuildFile; fileRef = CA11AA22BB33CC44DD55EE04 /* LayoutGuide.swift */; };
		FA11BB22CC33DD44EE55FF01 /* HookHealthChecker.swift in Sources */ = {isa = PBXBuildFile; fileRef = EA11BB22CC33DD44EE55FF01 /* HookHealthChecker.swift */; };
		FA11BB22CC33DD44EE55FF02 /* SetupView.swift in Sources */ = {isa = PBXBuildFile; fileRef = EA11BB22CC33DD44EE55FF02 /* SetupView.swift */; };
		R1A00001BB534E69B484BF01 /* RemoteURLParser.swift in Sources */ = {isa = PBXBuildFile; fileRef = R1F00001947253F7B233B101 /* RemoteURLParser.swift */; };
		R1A00002BB534E69B484BF02 /* RemoteURLParserTests.swift in Sources */ = {isa = PBXBuildFile; fileRef = R1F00002947253F7B233B102 /* RemoteURLParserTests.swift */; };
		M5A00001BB534E69B484BF01 /* SessionMarkdownFormatter.swift in Sources */ = {isa = PBXBuildFile; fileRef = M5F00001947253F7B233B101 /* SessionMarkdownFormatter.swift */; };
		M5A00002BB534E69B484BF02 /* DeepLinkRouter.swift in Sources */ = {isa = PBXBuildFile; fileRef = M5F00002947253F7B233B102 /* DeepLinkRouter.swift */; };
		S1A00001BB534E69B484BF01 /* SecretRedactor.swift in Sources */ = {isa = PBXBuildFile; fileRef = S1F00001947253F7B233B101 /* SecretRedactor.swift */; };
		SE1A0001BB534E69B484BF01 /* ShellEnvironment.swift in Sources */ = {isa = PBXBuildFile; fileRef = SE1F0001947253F7B233B101 /* ShellEnvironment.swift */; };
		S1A00002BB534E69B484BF02 /* SecretRedactorTests.swift in Sources */ = {isa = PBXBuildFile; fileRef = S1F00002947253F7B233B102 /* SecretRedactorTests.swift */; };
		TE1A0001A2B3C4D5E6F70001 /* TransportEndpoint.swift in Sources */ = {isa = PBXBuildFile; fileRef = TE1F0001A2B3C4D5E6F70001 /* TransportEndpoint.swift */; };
		TE1A0002A2B3C4D5E6F70002 /* TransportEndpointTests.swift in Sources */ = {isa = PBXBuildFile; fileRef = TE1F0002A2B3C4D5E6F70002 /* TransportEndpointTests.swift */; };
		ST1A0001A2B3C4D5E6F70001 /* SocketTransportTests.swift in Sources */ = {isa = PBXBuildFile; fileRef = ST1F0001A2B3C4D5E6F70001 /* SocketTransportTests.swift */; };
		EX1A0001BB534E69B484BF01 /* String+TaskNotification.swift in Sources */ = {isa = PBXBuildFile; fileRef = EX1F0001947253F7B233B101 /* String+TaskNotification.swift */; };
		DC1A0001BB534E69B484BF01 /* DebugConfiguration.swift in Sources */ = {isa = PBXBuildFile; fileRef = DC1F0001947253F7B233B101 /* DebugConfiguration.swift */; };
		MG1A0001BB534E69B484BF01 /* MockDataGenerator.swift in Sources */ = {isa = PBXBuildFile; fileRef = MG1F0001947253F7B233B101 /* MockDataGenerator.swift */; };
/* End PBXBuildFile section */

/* Begin PBXContainerItemProxy section */
		8945BE2EF26B580DAAE0E2C1 /* PBXContainerItemProxy */ = {
			isa = PBXContainerItemProxy;
			containerPortal = 766A6945A5C1A796CA8E519A /* Project object */;
			proxyType = 1;
			remoteGlobalIDString = 3AF2711A96A508BE702107D2;
			remoteInfo = NoCrumbs;
		};
/* End PBXContainerItemProxy section */

/* Begin PBXFileReference section */
		127A4015EC6E11386657358E /* Session.swift */ = {isa = PBXFileReference; lastKnownFileType = sourcecode.swift; path = Session.swift; sourceTree = "<group>"; };
		A1C2D3E4F5061728394A5B6C /* VCSBinaryResolver.swift */ = {isa = PBXFileReference; lastKnownFileType = sourcecode.swift; path = VCSBinaryResolver.swift; sourceTree = "<group>"; };
		37CE3F16F07E020EEDE309B8 /* VCSDetector.swift */ = {isa = PBXFileReference; lastKnownFileType = sourcecode.swift; path = VCSDetector.swift; sourceTree = "<group>"; };
		3D069F5ACA9BB864C8B7AFA6 /* GitProvider.swift */ = {isa = PBXFileReference; lastKnownFileType = sourcecode.swift; path = GitProvider.swift; sourceTree = "<group>"; };
		4A1B2C3D4E5F6A7B8C9D0E1F /* MercurialProvider.swift */ = {isa = PBXFileReference; lastKnownFileType = sourcecode.swift; path = MercurialProvider.swift; sourceTree = "<group>"; };
		8E1A2B3C4D5E6F7A8B9C0D1E /* SaplingProvider.swift */ = {isa = PBXFileReference; lastKnownFileType = sourcecode.swift; path = SaplingProvider.swift; sourceTree = "<group>"; };
		3E97C4331A6A2B294BFCA1E6 /* SocketClient.swift */ = {isa = PBXFileReference; lastKnownFileType = sourcecode.swift; path = SocketClient.swift; sourceTree = "<group>"; };
		5E0978BBFBDC197AD349E9F5 /* SocketServer.swift */ = {isa = PBXFileReference; lastKnownFileType = sourcecode.swift; path = SocketServer.swift; sourceTree = "<group>"; };
		5F6657501DB0A6738B4E5D13 /* NoCrumbs.app */ = {isa = PBXFileReference; explicitFileType = wrapper.application; includeInIndex = 0; path = NoCrumbs.app; sourceTree = BUILT_PRODUCTS_DIR; };
		7728FC471410616E9FED7A2D /* ContentView.swift */ = {isa = PBXFileReference; lastKnownFileType = sourcecode.swift; path = ContentView.swift; sourceTree = "<group>"; };
		776872DA80B73BA9E09C28A3 /* NoCrumbsApp.swift */ = {isa = PBXFileReference; lastKnownFileType = sourcecode.swift; path = NoCrumbsApp.swift; sourceTree = "<group>"; };
		851939F6461B1C59CF8F1823 /* PromptEvent.swift */ = {isa = PBXFileReference; lastKnownFileType = sourcecode.swift; path = PromptEvent.swift; sourceTree = "<group>"; };
		5566778899AABB001122EEFF /* HookEvent.swift */ = {isa = PBXFileReference; lastKnownFileType = sourcecode.swift; path = HookEvent.swift; sourceTree = "<group>"; };
		98CDF552C67056A28C4819EA /* VCSProvider.swift */ = {isa = PBXFileReference; lastKnownFileType = sourcecode.swift; path = VCSProvider.swift; sourceTree = "<group>"; };
		A10564EE9AF457416465F62D /* FileChange.swift */ = {isa = PBXFileReference; lastKnownFileType = sourcecode.swift; path = FileChange.swift; sourceTree = "<group>"; };
		A77379228A89D5FF2E9A7E4C /* AppDelegate.swift */ = {isa = PBXFileReference; lastKnownFileType = sourcecode.swift; path = AppDelegate.swift; sourceTree = "<group>"; };
		BD9D8050C0B03F827872CC72 /* VCSType.swift */ = {isa = PBXFileReference; lastKnownFileType = sourcecode.swift; path = VCSType.swift; sourceTree = "<group>"; };
		DC3CB357C8C961DD7C7C7228 /* NoCrumbsTests.xctest */ = {isa = PBXFileReference; explicitFileType = wrapper.cfbundle; includeInIndex = 0; path = NoCrumbsTests.xctest; sourceTree = BUILT_PRODUCTS_DIR; };
		A1B2C3D4E5F60718293A4B5C /* SettingsView.swift */ = {isa = PBXFileReference; lastKnownFileType = sourcecode.swift; path = SettingsView.swift; sourceTree = "<group>"; };
		DECE7D7EE0B37901DADC5F11 /* Database.swift */ = {isa = PBXFileReference; lastKnownFileType = sourcecode.swift; path = Database.swift; sourceTree = "<group>"; };
		AA11BB22CC33DD44EE55FF66 /* FileDiff.swift */ = {isa = PBXFileReference; lastKnownFileType = sourcecode.swift; path = FileDiff.swift; sourceTree = "<group>"; };
		BB22CC33DD44EE55FF661122 /* DiffParser.swift */ = {isa = PBXFileReference; lastKnownFileType = sourcecode.swift; path = DiffParser.swift; sourceTree = "<group>"; };
		CC33DD44EE55FF66112233AA /* DiffViewModel.swift */ = {isa = PBXFileReference; lastKnownFileType = sourcecode.swift; path = DiffViewModel.swift; sourceTree = "<group>"; };
		C23A6484EE0CAB5CE9B32C38 /* SyntaxHighlighter.swift */ = {isa = PBXFileReference; lastKnownFileType = sourcecode.swift; path = SyntaxHighlighter.swift; sourceTree = "<group>"; };
		DD44EE55FF6611223344AABB /* DiffDetailView.swift */ = {isa = PBXFileReference; lastKnownFileType = sourcecode.swift; path = DiffDetailView.swift; sourceTree = "<group>"; };
		A1B2C3D4E5F6071829304A5B /* DiffSplitView.swift */ = {isa = PBXFileReference; lastKnownFileType = sourcecode.swift; path = DiffSplitView.swift; sourceTree = "<group>"; };
		EE55FF66112233AABB44CC55 /* DiffTextView.swift */ = {isa = PBXFileReference; lastKnownFileType = sourcecode.swift; path = DiffTextView.swift; sourceTree = "<group>"; };
		FF6611223344AABB55CC66DD /* DiffScrollSync.swift */ = {isa = PBXFileReference; lastKnownFileType = sourcecode.swift; path = DiffScrollSync.swift; sourceTree = "<group>"; };
		82DC92447C6446A1BF848CBC /* DiffTheme.swift */ = {isa = PBXFileReference; lastKnownFileType = sourcecode.swift; path = DiffTheme.swift; sourceTree = "<group>"; };
		F7429159932245388144C228 /* ThemeManager.swift */ = {isa = PBXFileReference; lastKnownFileType = sourcecode.swift; path = ThemeManager.swift; sourceTree = "<group>"; };
		16CC5B04947142E6A122A17A /* gruvbox-dark.json */ = {isa = PBXFileReference; lastKnownFileType = text.json; path = "gruvbox-dark.json"; sourceTree = "<group>"; };
		T1F00001947142E6A122A101 /* catppuccin-mocha.json */ = {isa = PBXFileReference; lastKnownFileType = text.json; path = "catppuccin-mocha.json"; sourceTree = "<group>"; };
		T1F00002947142E6A122A102 /* tokyo-night.json */ = {isa = PBXFileReference; lastKnownFileType = text.json; path = "tokyo-night.json"; sourceTree = "<group>"; };
		T1F00003947142E6A122A103 /* kanagawa.json */ = {isa = PBXFileReference; lastKnownFileType = text.json; path = "kanagawa.json"; sourceTree = "<group>"; };
		T1F00004947142E6A122A104 /* rose-pine.json */ = {isa = PBXFileReference; lastKnownFileType = text.json; path = "rose-pine.json"; sourceTree = "<group>"; };
		T1F00005947142E6A122A105 /* nord.json */ = {isa = PBXFileReference; lastKnownFileType = text.json; path = "nord.json"; sourceTree = "<group>"; };
		T1F00006947142E6A122A106 /* dracula.json */ = {isa = PBXFileReference; lastKnownFileType = text.json; path = "dracula.json"; sourceTree = "<group>"; };
		T1F00007947142E6A122A107 /* solarized-dark.json */ = {isa = PBXFileReference; lastKnownFileType = text.json; path = "solarized-dark.json"; sourceTree = "<group>"; };
		T1F00008947142E6A122A108 /* one-dark-pro.json */ = {isa = PBXFileReference; lastKnownFileType = text.json; path = "one-dark-pro.json"; sourceTree = "<group>"; };
		T1F00009947142E6A122A109 /* monokai.json */ = {isa = PBXFileReference; lastKnownFileType = text.json; path = "monokai.json"; sourceTree = "<group>"; };
		T1F0000A947142E6A122A10A /* ayu-dark.json */ = {isa = PBXFileReference; lastKnownFileType = text.json; path = "ayu-dark.json"; sourceTree = "<group>"; };
		T1F0000B947142E6A122A10B /* everforest-dark.json */ = {isa = PBXFileReference; lastKnownFileType = text.json; path = "everforest-dark.json"; sourceTree = "<group>"; };
		T1F0000C947142E6A122A10C /* nightfox.json */ = {isa = PBXFileReference; lastKnownFileType = text.json; path = "nightfox.json"; sourceTree = "<group>"; };
		T1F0000D947142E6A122A10D /* solarized-light.json */ = {isa = PBXFileReference; lastKnownFileType = text.json; path = "solarized-light.json"; sourceTree = "<group>"; };
		T1F0000E947142E6A122A10E /* one-light.json */ = {isa = PBXFileReference; lastKnownFileType = text.json; path = "one-light.json"; sourceTree = "<group>"; };
		T1F0000F947142E6A122A10F /* catppuccin-latte.json */ = {isa = PBXFileReference; lastKnownFileType = text.json; path = "catppuccin-latte.json"; sourceTree = "<group>"; };
		T1F00010947142E6A122A110 /* rose-pine-dawn.json */ = {isa = PBXFileReference; lastKnownFileType = text.json; path = "rose-pine-dawn.json"; sourceTree = "<group>"; };
		T1F00011947142E6A122A111 /* github-light.json */ = {isa = PBXFileReference; lastKnownFileType = text.json; path = "github-light.json"; sourceTree = "<group>"; };
		A1C0AAAA1111222233334444 /* Assets.xcassets */ = {isa = PBXFileReference; lastKnownFileType = folder.assetcatalog; path = Assets.xcassets; sourceTree = "<group>"; };
		E1B2C3D4E5F6A7B8C9D0E1F2 /* NoCrumbs.entitlements */ = {isa = PBXFileReference; lastKnownFileType = text.plist.entitlements; path = NoCrumbs.entitlements; sourceTree = "<group>"; };
		BB1122334455667788990011 /* DiffParserTests.swift */ = {isa = PBXFileReference; lastKnownFileType = sourcecode.swift; path = DiffParserTests.swift; sourceTree = "<group>"; };
		BB2233445566778899001122 /* GitProviderTests.swift */ = {isa = PBXFileReference; lastKnownFileType = sourcecode.swift; path = GitProviderTests.swift; sourceTree = "<group>"; };
		6C3D4E5F6A7B8C9D0E1F2A3B /* MercurialProviderTests.swift */ = {isa = PBXFileReference; lastKnownFileType = sourcecode.swift; path = MercurialProviderTests.swift; sourceTree = "<group>"; };
		8E3C4D5E6F7A8B9C0D1E2F3A /* SaplingProviderTests.swift */ = {isa = PBXFileReference; lastKnownFileType = sourcecode.swift; path = SaplingProviderTests.swift; sourceTree = "<group>"; };
		BB3344556677889900112233 /* DiffViewModelTests.swift */ = {isa = PBXFileReference; lastKnownFileType = sourcecode.swift; path = DiffViewModelTests.swift; sourceTree = "<group>"; };
		BB4455667788990011223344 /* VCSDetectorTests.swift */ = {isa = PBXFileReference; lastKnownFileType = sourcecode.swift; path = VCSDetectorTests.swift; sourceTree = "<group>"; };
		BB5566778899001122334455 /* DatabaseTests.swift */ = {isa = PBXFileReference; lastKnownFileType = sourcecode.swift; path = DatabaseTests.swift; sourceTree = "<group>"; };
		SQ1A0002A2B3C4D5E6F70002 /* SequenceBoundaryTests.swift */ = {isa = PBXFileReference; lastKnownFileType = sourcecode.swift; path = SequenceBoundaryTests.swift; sourceTree = "<group>"; };
		T3F00002TEMPLATE00TEST02 /* TemplateTests.swift */ = {isa = PBXFileReference; lastKnownFileType = sourcecode.swift; path = TemplateTests.swift; sourceTree = "<group>"; };
		BB55CC66DD77EE88FF990011 /* DiffStat.swift */ = {isa = PBXFileReference; lastKnownFileType = sourcecode.swift; path = DiffStat.swift; sourceTree = "<group>"; };
		BB66DD77EE88FF99AA001122 /* SessionSummaryViewModel.swift */ = {isa = PBXFileReference; lastKnownFileType = sourcecode.swift; path = SessionSummaryViewModel.swift; sourceTree = "<group>"; };
		BB77EE88FF99AA00BB112233 /* SessionSummaryView.swift */ = {isa = PBXFileReference; lastKnownFileType = sourcecode.swift; path = SessionSummaryView.swift; sourceTree = "<group>"; };
		BB88FF99AA00BB11CC223344 /* SessionStateIndicator.swift */ = {isa = PBXFileReference; lastKnownFileType = sourcecode.swift; path = SessionStateIndicator.swift; sourceTree = "<group>"; };
		C1A2B3C4D5E6F7A8B9C0D1E2 /* CheckForUpdatesView.swift */ = {isa = PBXFileReference; lastKnownFileType = sourcecode.swift; path = CheckForUpdatesView.swift; sourceTree = "<group>"; };
		CA11AA22BB33CC44DD55EE01 /* AppColors.swift */ = {isa = PBXFileReference; lastKnownFileType = sourcecode.swift; path = AppColors.swift; sourceTree = "<group>"; };
		CA11AA22BB33CC44DD55EE02 /* AppFonts.swift */ = {isa = PBXFileReference; lastKnownFileType = sourcecode.swift; path = AppFonts.swift; sourceTree = "<group>"; };
		CA11AA22BB33CC44DD55EE03 /* AppScale.swift */ = {isa = PBXFileReference; lastKnownFileType = sourcecode.swift; path = AppScale.swift; sourceTree = "<group>"; };
		CA11AA22BB33CC44DD55EE04 /* LayoutGuide.swift */ = {isa = PBXFileReference; lastKnownFileType = sourcecode.swift; path = LayoutGuide.swift; sourceTree = "<group>"; };
		EA11BB22CC33DD44EE55FF01 /* HookHealthChecker.swift */ = {isa = PBXFileReference; lastKnownFileType = sourcecode.swift; path = HookHealthChecker.swift; sourceTree = "<group>"; };
		EA11BB22CC33DD44EE55FF02 /* SetupView.swift */ = {isa = PBXFileReference; lastKnownFileType = sourcecode.swift; path = SetupView.swift; sourceTree = "<group>"; };
		T2F00001947253F7B233B101 /* CommitTemplate.swift */ = {isa = PBXFileReference; lastKnownFileType = sourcecode.swift; path = CommitTemplate.swift; sourceTree = "<group>"; };
		T2F00002947253F7B233B102 /* TemplateRenderer.swift */ = {isa = PBXFileReference; lastKnownFileType = sourcecode.swift; path = TemplateRenderer.swift; sourceTree = "<group>"; };
		R1F00001947253F7B233B101 /* RemoteURLParser.swift */ = {isa = PBXFileReference; lastKnownFileType = sourcecode.swift; path = RemoteURLParser.swift; sourceTree = "<group>"; };
		R1F00002947253F7B233B102 /* RemoteURLParserTests.swift */ = {isa = PBXFileReference; lastKnownFileType = sourcecode.swift; path = RemoteURLParserTests.swift; sourceTree = "<group>"; };
		M5F00001947253F7B233B101 /* SessionMarkdownFormatter.swift */ = {isa = PBXFileReference; lastKnownFileType = sourcecode.swift; path = SessionMarkdownFormatter.swift; sourceTree = "<group>"; };
		M5F00002947253F7B233B102 /* DeepLinkRouter.swift */ = {isa = PBXFileReference; lastKnownFileType = sourcecode.swift; path = DeepLinkRouter.swift; sourceTree = "<group>"; };
		S1F00001947253F7B233B101 /* SecretRedactor.swift */ = {isa = PBXFileReference; lastKnownFileType = sourcecode.swift; path = SecretRedactor.swift; sourceTree = "<group>"; };
		SE1F0001947253F7B233B101 /* ShellEnvironment.swift */ = {isa = PBXFileReference; lastKnownFileType = sourcecode.swift; path = ShellEnvironment.swift; sourceTree = "<group>"; };
		S1F00002947253F7B233B102 /* SecretRedactorTests.swift */ = {isa = PBXFileReference; lastKnownFileType = sourcecode.swift; path = SecretRedactorTests.swift; sourceTree = "<group>"; };
		TE1F0001A2B3C4D5E6F70001 /* TransportEndpoint.swift */ = {isa = PBXFileReference; lastKnownFileType = sourcecode.swift; path = TransportEndpoint.swift; sourceTree = "<group>"; };
		TE1F0002A2B3C4D5E6F70002 /* TransportEndpointTests.swift */ = {isa = PBXFileReference; lastKnownFileType = sourcecode.swift; path = TransportEndpointTests.swift; sourceTree = "<group>"; };
		ST1F0001A2B3C4D5E6F70001 /* SocketTransportTests.swift */ = {isa = PBXFileReference; lastKnownFileType = sourcecode.swift; path = SocketTransportTests.swift; sourceTree = "<group>"; };
		EX1F0001947253F7B233B101 /* String+TaskNotification.swift */ = {isa = PBXFileReference; lastKnownFileType = sourcecode.swift; path = "String+TaskNotification.swift"; sourceTree = "<group>"; };
		DC1F0001947253F7B233B101 /* DebugConfiguration.swift */ = {isa = PBXFileReference; lastKnownFileType = sourcecode.swift; path = DebugConfiguration.swift; sourceTree = "<group>"; };
		MG1F0001947253F7B233B101 /* MockDataGenerator.swift */ = {isa = PBXFileReference; lastKnownFileType = sourcecode.swift; path = MockDataGenerator.swift; sourceTree = "<group>"; };
/* End PBXFileReference section */

/* Begin PBXFrameworksBuildPhase section */
		7153A4A91F4F918DF3A002BB /* Frameworks */ = {
			isa = PBXFrameworksBuildPhase;
			buildActionMask = 2147483647;
			files = (
				82F7D1192E2BC5D116E1155F /* Sparkle in Frameworks */,
			);
			runOnlyForDeploymentPostprocessing = 0;
		};
/* End PBXFrameworksBuildPhase section */

/* Begin PBXGroup section */
		3A4FCF443AAE6D074C7D5DC0 /* Database */ = {
			isa = PBXGroup;
			children = (
				DECE7D7EE0B37901DADC5F11 /* Database.swift */,
			);
			path = Database;
			sourceTree = "<group>";
		};
		4565555D11DA1EFCC3C578F5 /* Products */ = {
			isa = PBXGroup;
			children = (
				5F6657501DB0A6738B4E5D13 /* NoCrumbs.app */,
				DC3CB357C8C961DD7C7C7228 /* NoCrumbsTests.xctest */,
			);
			name = Products;
			sourceTree = "<group>";
		};
		6211C7DCFC6FBBEE9801D178 /* App */ = {
			isa = PBXGroup;
			children = (
				A77379228A89D5FF2E9A7E4C /* AppDelegate.swift */,
				7728FC471410616E9FED7A2D /* ContentView.swift */,
				776872DA80B73BA9E09C28A3 /* NoCrumbsApp.swift */,
			);
			name = App;
			path = NoCrumbs/App;
			sourceTree = "<group>";
		};
		95E391327C4C135C6B6E40E2 /* IPC */ = {
			isa = PBXGroup;
			children = (
				3E97C4331A6A2B294BFCA1E6 /* SocketClient.swift */,
				5E0978BBFBDC197AD349E9F5 /* SocketServer.swift */,
				TE1F0001A2B3C4D5E6F70001 /* TransportEndpoint.swift */,
			);
			path = IPC;
			sourceTree = "<group>";
		};
		AA98B77E378D2004301C9CB7 /* Utilities */ = {
			isa = PBXGroup;
			children = (
				EA11BB22CC33DD44EE55FF01 /* HookHealthChecker.swift */,
				M5F00001947253F7B233B101 /* SessionMarkdownFormatter.swift */,
				M5F00002947253F7B233B102 /* DeepLinkRouter.swift */,
				S1F00001947253F7B233B101 /* SecretRedactor.swift */,
				SE1F0001947253F7B233B101 /* ShellEnvironment.swift */,
			);
			path = Utilities;
			sourceTree = "<group>";
		};
		EX1G0001947253F7B233B101 /* Extensions */ = {
			isa = PBXGroup;
			children = (
				EX1F0001947253F7B233B101 /* String+TaskNotification.swift */,
			);
			path = Extensions;
			sourceTree = "<group>";
		};
		DC1G0001947253F7B233B101 /* Debug */ = {
			isa = PBXGroup;
			children = (
				DC1F0001947253F7B233B101 /* DebugConfiguration.swift */,
				MG1F0001947253F7B233B101 /* MockDataGenerator.swift */,
			);
			path = Debug;
			sourceTree = "<group>";
		};
		B2EAFE23A7C76371D648260F /* Core */ = {
			isa = PBXGroup;
			children = (
				3A4FCF443AAE6D074C7D5DC0 /* Database */,
				DC1G0001947253F7B233B101 /* Debug */,
				EX1G0001947253F7B233B101 /* Extensions */,
				95E391327C4C135C6B6E40E2 /* IPC */,
				CB242500DFFB780C2EEBD47A /* Models */,
				AA98B77E378D2004301C9CB7 /* Utilities */,
				BFB3E336FDA7967BA26F21BC /* VCS */,
			);
			name = Core;
			path = NoCrumbs/Core;
			sourceTree = "<group>";
		};
		BFB3E336FDA7967BA26F21BC /* VCS */ = {
			isa = PBXGroup;
			children = (
				BB22CC33DD44EE55FF661122 /* DiffParser.swift */,
				3D069F5ACA9BB864C8B7AFA6 /* GitProvider.swift */,
				4A1B2C3D4E5F6A7B8C9D0E1F /* MercurialProvider.swift */,
				R1F00001947253F7B233B101 /* RemoteURLParser.swift */,
				8E1A2B3C4D5E6F7A8B9C0D1E /* SaplingProvider.swift */,
				A1C2D3E4F5061728394A5B6C /* VCSBinaryResolver.swift */,
				37CE3F16F07E020EEDE309B8 /* VCSDetector.swift */,
				98CDF552C67056A28C4819EA /* VCSProvider.swift */,
			);
			path = VCS;
			sourceTree = "<group>";
		};
		DD00EE11FF22AA33BB445566 /* Components */ = {
			isa = PBXGroup;
			children = (
				C1A2B3C4D5E6F7A8B9C0D1E2 /* CheckForUpdatesView.swift */,
				BB88FF99AA00BB11CC223344 /* SessionStateIndicator.swift */,
			);
			path = Components;
			sourceTree = "<group>";
		};
		EA11AA22BB33CC44DD55EE01 /* StyleGuide */ = {
			isa = PBXGroup;
			children = (
				CA11AA22BB33CC44DD55EE01 /* AppColors.swift */,
				CA11AA22BB33CC44DD55EE02 /* AppFonts.swift */,
				CA11AA22BB33CC44DD55EE03 /* AppScale.swift */,
				CA11AA22BB33CC44DD55EE04 /* LayoutGuide.swift */,
			);
			path = StyleGuide;
			sourceTree = "<group>";
		};
		C260A28EAF9A2AA97C588171 /* UI */ = {
			isa = PBXGroup;
			children = (
				DD00EE11FF22AA33BB445566 /* Components */,
				EA11AA22BB33CC44DD55EE01 /* StyleGuide */,
				E141BB780A574A87AD3EE283 /* Themes */,
			);
			name = UI;
			path = NoCrumbs/UI;
			sourceTree = "<group>";
		};
		E141BB780A574A87AD3EE283 /* Themes */ = {
			isa = PBXGroup;
			children = (
				82DC92447C6446A1BF848CBC /* DiffTheme.swift */,
				F7429159932245388144C228 /* ThemeManager.swift */,
			);
			path = Themes;
			sourceTree = "<group>";
		};
		CB242500DFFB780C2EEBD47A /* Models */ = {
			isa = PBXGroup;
			children = (
				T2F00001947253F7B233B101 /* CommitTemplate.swift */,
				BB55CC66DD77EE88FF990011 /* DiffStat.swift */,
				A10564EE9AF457416465F62D /* FileChange.swift */,
				AA11BB22CC33DD44EE55FF66 /* FileDiff.swift */,
				5566778899AABB001122EEFF /* HookEvent.swift */,
				851939F6461B1C59CF8F1823 /* PromptEvent.swift */,
				127A4015EC6E11386657358E /* Session.swift */,
				T2F00002947253F7B233B102 /* TemplateRenderer.swift */,
				BD9D8050C0B03F827872CC72 /* VCSType.swift */,
			);
			path = Models;
			sourceTree = "<group>";
		};
		0EF4D1AF682A44028B5883C4 /* Themes */ = {
			isa = PBXGroup;
			children = (
				T1F0000A947142E6A122A10A /* ayu-dark.json */,
				T1F0000F947142E6A122A10F /* catppuccin-latte.json */,
				T1F00001947142E6A122A101 /* catppuccin-mocha.json */,
				T1F00006947142E6A122A106 /* dracula.json */,
				T1F0000B947142E6A122A10B /* everforest-dark.json */,
				T1F00011947142E6A122A111 /* github-light.json */,
				16CC5B04947142E6A122A17A /* gruvbox-dark.json */,
				T1F00003947142E6A122A103 /* kanagawa.json */,
				T1F00009947142E6A122A109 /* monokai.json */,
				T1F0000C947142E6A122A10C /* nightfox.json */,
				T1F00005947142E6A122A105 /* nord.json */,
				T1F00008947142E6A122A108 /* one-dark-pro.json */,
				T1F0000E947142E6A122A10E /* one-light.json */,
				T1F00004947142E6A122A104 /* rose-pine.json */,
				T1F00010947142E6A122A110 /* rose-pine-dawn.json */,
				T1F00007947142E6A122A107 /* solarized-dark.json */,
				T1F0000D947142E6A122A10D /* solarized-light.json */,
				T1F00002947142E6A122A102 /* tokyo-night.json */,
			);
			path = Themes;
			sourceTree = "<group>";
		};
		87622775A1FE4539B53BC1D2 /* Resources */ = {
			isa = PBXGroup;
			children = (
				A1C0AAAA1111222233334444 /* Assets.xcassets */,
				E1B2C3D4E5F6A7B8C9D0E1F2 /* NoCrumbs.entitlements */,
				0EF4D1AF682A44028B5883C4 /* Themes */,
			);
			name = Resources;
			path = NoCrumbs/Resources;
			sourceTree = "<group>";
		};
		D7C15A1A809FDE90F81802F3 = {
			isa = PBXGroup;
			children = (
				6211C7DCFC6FBBEE9801D178 /* App */,
				B2EAFE23A7C76371D648260F /* Core */,
				EB41E4B38DD9092AAFBF25DF /* Features */,
				87622775A1FE4539B53BC1D2 /* Resources */,
				FCBEDC9D97CFEF4FEA1FD7AD /* Tests */,
				C260A28EAF9A2AA97C588171 /* UI */,
				4565555D11DA1EFCC3C578F5 /* Products */,
			);
			sourceTree = "<group>";
		};
		CC99DD00EE11FF22AA334455 /* SessionSummary */ = {
			isa = PBXGroup;
			children = (
				BB77EE88FF99AA00BB112233 /* SessionSummaryView.swift */,
				BB66DD77EE88FF99AA001122 /* SessionSummaryViewModel.swift */,
			);
			path = SessionSummary;
			sourceTree = "<group>";
		};
	FA98B77E378D2004301C9CB8 /* Setup */ = {
			isa = PBXGroup;
			children = (
				EA11BB22CC33DD44EE55FF02 /* SetupView.swift */,
			);
			path = Setup;
			sourceTree = "<group>";
		};
		EB41E4B38DD9092AAFBF25DF /* Features */ = {
			isa = PBXGroup;
			children = (
				AABB112233445566CCDD7788 /* DiffViewer */,
				CC99DD00EE11FF22AA334455 /* SessionSummary */,
				E2F3A4B5C6D7E8F90A1B2C3D /* Settings */,
				FA98B77E378D2004301C9CB8 /* Setup */,
			);
			name = Features;
			path = NoCrumbs/Features;
			sourceTree = "<group>";
		};
		AABB112233445566CCDD7788 /* DiffViewer */ = {
			isa = PBXGroup;
			children = (
				DD44EE55FF6611223344AABB /* DiffDetailView.swift */,
				FF6611223344AABB55CC66DD /* DiffScrollSync.swift */,
				A1B2C3D4E5F6071829304A5B /* DiffSplitView.swift */,
				EE55FF66112233AABB44CC55 /* DiffTextView.swift */,
				CC33DD44EE55FF66112233AA /* DiffViewModel.swift */,
				C23A6484EE0CAB5CE9B32C38 /* SyntaxHighlighter.swift */,
			);
			path = DiffViewer;
			sourceTree = "<group>";
		};
		E2F3A4B5C6D7E8F90A1B2C3D /* Settings */ = {
			isa = PBXGroup;
			children = (
				A1B2C3D4E5F60718293A4B5C /* SettingsView.swift */,
			);
			path = Settings;
			sourceTree = "<group>";
		};
		FCBEDC9D97CFEF4FEA1FD7AD /* Tests */ = {
			isa = PBXGroup;
			children = (
				BB3344556677889900112233 /* DiffViewModelTests.swift */,
				BB1122334455667788990011 /* DiffParserTests.swift */,
				BB2233445566778899001122 /* GitProviderTests.swift */,
				6C3D4E5F6A7B8C9D0E1F2A3B /* MercurialProviderTests.swift */,
				8E3C4D5E6F7A8B9C0D1E2F3A /* SaplingProviderTests.swift */,
				R1F00002947253F7B233B102 /* RemoteURLParserTests.swift */,
				BB4455667788990011223344 /* VCSDetectorTests.swift */,
				BB5566778899001122334455 /* DatabaseTests.swift */,
				SQ1A0002A2B3C4D5E6F70002 /* SequenceBoundaryTests.swift */,
				T3F00002TEMPLATE00TEST02 /* TemplateTests.swift */,
				S1F00002947253F7B233B102 /* SecretRedactorTests.swift */,
				ST1F0001A2B3C4D5E6F70001 /* SocketTransportTests.swift */,
				TE1F0002A2B3C4D5E6F70002 /* TransportEndpointTests.swift */,
			);
			name = Tests;
			path = NoCrumbsTests;
			sourceTree = "<group>";
		};
/* End PBXGroup section */

/* Begin PBXNativeTarget section */
		0CB073A9BADF900FF5BC34B9 /* NoCrumbsTests */ = {
			isa = PBXNativeTarget;
			buildConfigurationList = A755C4C6298B428718905C42 /* Build configuration list for PBXNativeTarget "NoCrumbsTests" */;
			buildPhases = (
				39DB1C349AA47E01F3AE7896 /* Sources */,
			);
			buildRules = (
			);
			dependencies = (
				F88A58B94262BBAE2213D8DC /* PBXTargetDependency */,
			);
			name = NoCrumbsTests;
			packageProductDependencies = (
			);
			productName = NoCrumbsTests;
			productReference = DC3CB357C8C961DD7C7C7228 /* NoCrumbsTests.xctest */;
			productType = "com.apple.product-type.bundle.unit-test";
		};
		3AF2711A96A508BE702107D2 /* NoCrumbs */ = {
			isa = PBXNativeTarget;
			buildConfigurationList = 0BC5101C04FBD76FC34C1CAD /* Build configuration list for PBXNativeTarget "NoCrumbs" */;
			buildPhases = (
				1903300E880AB186ADDE2C37 /* Sources */,
				7153A4A91F4F918DF3A002BB /* Frameworks */,
				5B5057509CD94B9C959DE07C /* Resources */,
				A1B2C3D4E5F6A7B8C9D0E1F2 /* Build & Embed CLI */,
			);
			buildRules = (
			);
			dependencies = (
			);
			name = NoCrumbs;
			packageProductDependencies = (
				E7DF57F61F6B0D86D735C19F /* Sparkle */,
			);
			productName = NoCrumbs;
			productReference = 5F6657501DB0A6738B4E5D13 /* NoCrumbs.app */;
			productType = "com.apple.product-type.application";
		};
/* End PBXNativeTarget section */

/* Begin PBXProject section */
		766A6945A5C1A796CA8E519A /* Project object */ = {
			isa = PBXProject;
			attributes = {
				BuildIndependentTargetsInParallel = YES;
				LastUpgradeCheck = 1430;
				TargetAttributes = {
					0CB073A9BADF900FF5BC34B9 = {
						DevelopmentTeam = H32EKFDL92;
					};
					3AF2711A96A508BE702107D2 = {
						DevelopmentTeam = H32EKFDL92;
					};
				};
			};
			buildConfigurationList = 8CDB52F4A3AC599EACC9C30F /* Build configuration list for PBXProject "NoCrumbs" */;
			compatibilityVersion = "Xcode 14.0";
			developmentRegion = en;
			hasScannedForEncodings = 0;
			knownRegions = (
				Base,
				en,
			);
			mainGroup = D7C15A1A809FDE90F81802F3;
			minimizedProjectReferenceProxies = 1;
			packageReferences = (
				6CE68F545477925B1DC24092 /* XCRemoteSwiftPackageReference "Sparkle" */,
			);
			preferredProjectObjectVersion = 77;
			projectDirPath = "";
			projectRoot = "";
			targets = (
				3AF2711A96A508BE702107D2 /* NoCrumbs */,
				0CB073A9BADF900FF5BC34B9 /* NoCrumbsTests */,
			);
		};
/* End PBXProject section */

/* Begin PBXResourcesBuildPhase section */
		5B5057509CD94B9C959DE07C /* Resources */ = {
			isa = PBXResourcesBuildPhase;
			buildActionMask = 2147483647;
			files = (
				A1C0BBBB1111222233334444 /* Assets.xcassets in Resources */,
				T1A0000AAA424D58A373AF0A /* ayu-dark.json in Resources */,
				T1A0000FAA424D58A373AF0F /* catppuccin-latte.json in Resources */,
				T1A00001AA424D58A373AF01 /* catppuccin-mocha.json in Resources */,
				T1A00006AA424D58A373AF06 /* dracula.json in Resources */,
				T1A0000BAA424D58A373AF0B /* everforest-dark.json in Resources */,
				T1A00011AA424D58A373AF11 /* github-light.json in Resources */,
				E6538BB9AA424D58A373AFFF /* gruvbox-dark.json in Resources */,
				T1A00003AA424D58A373AF03 /* kanagawa.json in Resources */,
				T1A00009AA424D58A373AF09 /* monokai.json in Resources */,
				T1A0000CAA424D58A373AF0C /* nightfox.json in Resources */,
				T1A00005AA424D58A373AF05 /* nord.json in Resources */,
				T1A00008AA424D58A373AF08 /* one-dark-pro.json in Resources */,
				T1A0000EAA424D58A373AF0E /* one-light.json in Resources */,
				T1A00004AA424D58A373AF04 /* rose-pine.json in Resources */,
				T1A00010AA424D58A373AF10 /* rose-pine-dawn.json in Resources */,
				T1A00007AA424D58A373AF07 /* solarized-dark.json in Resources */,
				T1A0000DAA424D58A373AF0D /* solarized-light.json in Resources */,
				T1A00002AA424D58A373AF02 /* tokyo-night.json in Resources */,
			);
			runOnlyForDeploymentPostprocessing = 0;
		};
/* End PBXResourcesBuildPhase section */

/* Begin PBXShellScriptBuildPhase section */
		A1B2C3D4E5F6A7B8C9D0E1F2 /* Build & Embed CLI */ = {
			isa = PBXShellScriptBuildPhase;
			buildActionMask = 2147483647;
			files = (
			);
			inputPaths = (
			);
			name = "Build & Embed CLI";
			outputPaths = (
			);
			runOnlyForDeploymentPostprocessing = 0;
			shellPath = /bin/sh;
			shellScript = "# Sync version from VERSION file to CLI Version.swift\n\"${SRCROOT}/scripts/sync-version.sh\"\n\nif [ \"$NOCRUMBS_SKIP_CLI\" = \"1\" ] || [ \"$CI\" = \"true\" ]; then\n  echo \"Skipping CLI build (CI=$CI, NOCRUMBS_SKIP_CLI=$NOCRUMBS_SKIP_CLI)\"\n  exit 0\nfi\nCLI_DIR=\"${SRCROOT}/CLI\"\nif [ ! -d \"$CLI_DIR\" ]; then\n  echo \"warning: CLI directory not found at $CLI_DIR — skipping CLI embed\"\n  exit 0\nfi\necho \"Building CLI...\"\nswift build -c release --package-path \"$CLI_DIR\" --arch arm64 --arch x86_64 --disable-sandbox 2>&1 | grep -v __preview || true\nCLI_BIN=\"$CLI_DIR/.build/apple/Products/Release/nocrumbs\"\nif [ ! -f \"$CLI_BIN\" ]; then\n  echo \"error: CLI binary not found at $CLI_BIN\"\n  exit 1\nfi\nDEST=\"${BUILT_PRODUCTS_DIR}/${PRODUCT_NAME}.app/Contents/Resources\"\nmkdir -p \"$DEST\"\ncp \"$CLI_BIN\" \"$DEST/nocrumbs\"\necho \"CLI embedded at $DEST/nocrumbs\"\n";
			alwaysOutOfDate = 1;
		};
/* End PBXShellScriptBuildPhase section */

/* Begin PBXSourcesBuildPhase section */
		1903300E880AB186ADDE2C37 /* Sources */ = {
			isa = PBXSourcesBuildPhase;
			buildActionMask = 2147483647;
			files = (
				FB0B46458B8730FFCAE8EF9E /* AppDelegate.swift in Sources */,
				47A3ECC051305542063B06E0 /* ContentView.swift in Sources */,
				64467DA5AC2640FFF9D48C31 /* Database.swift in Sources */,
				44DD55EE66FF112233AABB44 /* DiffDetailView.swift in Sources */,
				22BB33CC44DD55EE66FF1122 /* DiffParser.swift in Sources */,
				66FF112233AABB44CC5566DD /* DiffScrollSync.swift in Sources */,
				B2C3D4E5F60718293A4B5C6D /* DiffSplitView.swift in Sources */,
				55EE66FF1122AABB33CC4455 /* DiffTextView.swift in Sources */,
				33CC44DD55EE66FF112233AA /* DiffViewModel.swift in Sources */,
				AC66087FA863BA2B63FCFB61 /* SyntaxHighlighter.swift in Sources */,
				28E0137ED7D0A9DDC51A27A6 /* FileChange.swift in Sources */,
				11AA22BB33CC44DD55EE66FF /* FileDiff.swift in Sources */,
				C307CB874E94C03E8F8E63FD /* GitProvider.swift in Sources */,
				5B2C3D4E5F6A7B8C9D0E1F2A /* MercurialProvider.swift in Sources */,
				9F2B3C4D5E6F7A8B9C0D1E2F /* SaplingProvider.swift in Sources */,
				R1A00001BB534E69B484BF01 /* RemoteURLParser.swift in Sources */,
				AABB5566778899001122EEFF /* HookEvent.swift in Sources */,
				D80D064DB9F6C9C9DF635713 /* NoCrumbsApp.swift in Sources */,
				8A911B5B50873530D8061506 /* PromptEvent.swift in Sources */,
				C6790B0751E4DA40828B609D /* Session.swift in Sources */,
				60E0FC9B82EAE9F21A3CD2CD /* SocketClient.swift in Sources */,
				F1A2B3C4D5E6F7089AB0C1D2 /* SettingsView.swift in Sources */,
				3251E77D9085383118BFAF1E /* SocketServer.swift in Sources */,
				E5439CA1FB677D97447268AE /* VCSDetector.swift in Sources */,
				B2D3E4F506172839405A6B7C /* VCSBinaryResolver.swift in Sources */,
				70E7223E6442AAB1656BE297 /* VCSProvider.swift in Sources */,
				184663C5EAA33A42CA66BBBB /* VCSType.swift in Sources */,
				913317F929604861AE97FA87 /* DiffTheme.swift in Sources */,
				A727F52251F34B02989F64F8 /* ThemeManager.swift in Sources */,
				AA55BB66CC77DD88EE990011 /* DiffStat.swift in Sources */,
				AA66CC77DD88EE99FF001122 /* SessionSummaryViewModel.swift in Sources */,
				AA77DD88EE99FF00AA112233 /* SessionSummaryView.swift in Sources */,
				AA88EE99FF00AA11BB223344 /* SessionStateIndicator.swift in Sources */,
				C1A2B3C4D5E6F7A8B9C0D1E3 /* CheckForUpdatesView.swift in Sources */,
				DA11AA22BB33CC44DD55EE01 /* AppColors.swift in Sources */,
				DA11AA22BB33CC44DD55EE02 /* AppFonts.swift in Sources */,
				DA11AA22BB33CC44DD55EE03 /* AppScale.swift in Sources */,
				DA11AA22BB33CC44DD55EE04 /* LayoutGuide.swift in Sources */,
				FA11BB22CC33DD44EE55FF01 /* HookHealthChecker.swift in Sources */,
				FA11BB22CC33DD44EE55FF02 /* SetupView.swift in Sources */,
				T2A00001BB534E69B484BF01 /* CommitTemplate.swift in Sources */,
				T2A00002BB534E69B484BF02 /* TemplateRenderer.swift in Sources */,
				M5A00001BB534E69B484BF01 /* SessionMarkdownFormatter.swift in Sources */,
				M5A00002BB534E69B484BF02 /* DeepLinkRouter.swift in Sources */,
				S1A00001BB534E69B484BF01 /* SecretRedactor.swift in Sources */,
				SE1A0001BB534E69B484BF01 /* ShellEnvironment.swift in Sources */,
				TE1A0001A2B3C4D5E6F70001 /* TransportEndpoint.swift in Sources */,
				EX1A0001BB534E69B484BF01 /* String+TaskNotification.swift in Sources */,
				DC1A0001BB534E69B484BF01 /* DebugConfiguration.swift in Sources */,
				MG1A0001BB534E69B484BF01 /* MockDataGenerator.swift in Sources */,
			);
			runOnlyForDeploymentPostprocessing = 0;
		};
		39DB1C349AA47E01F3AE7896 /* Sources */ = {
			isa = PBXSourcesBuildPhase;
			buildActionMask = 2147483647;
			files = (
				AA1122334455667788990011 /* DiffParserTests.swift in Sources */,
				AA2233445566778899001122 /* GitProviderTests.swift in Sources */,
				7D4E5F6A7B8C9D0E1F2A3B4C /* MercurialProviderTests.swift in Sources */,
				9F4D5E6F7A8B9C0D1E2F3A4B /* SaplingProviderTests.swift in Sources */,
				AA3344556677889900112233 /* DiffViewModelTests.swift in Sources */,
				AA4455667788990011223344 /* VCSDetectorTests.swift in Sources */,
				AA5566778899001122334455 /* DatabaseTests.swift in Sources */,
				SQ1A0001A2B3C4D5E6F70001 /* SequenceBoundaryTests.swift in Sources */,
				T3F00001TEMPLATE00TEST01 /* TemplateTests.swift in Sources */,
				R1A00002BB534E69B484BF02 /* RemoteURLParserTests.swift in Sources */,
				S1A00002BB534E69B484BF02 /* SecretRedactorTests.swift in Sources */,
				TE1A0002A2B3C4D5E6F70002 /* TransportEndpointTests.swift in Sources */,
				ST1A0001A2B3C4D5E6F70001 /* SocketTransportTests.swift in Sources */,
			);
			runOnlyForDeploymentPostprocessing = 0;
		};
/* End PBXSourcesBuildPhase section */

/* Begin PBXTargetDependency section */
		F88A58B94262BBAE2213D8DC /* PBXTargetDependency */ = {
			isa = PBXTargetDependency;
			target = 3AF2711A96A508BE702107D2 /* NoCrumbs */;
			targetProxy = 8945BE2EF26B580DAAE0E2C1 /* PBXContainerItemProxy */;
		};
/* End PBXTargetDependency section */

/* Begin XCBuildConfiguration section */
		12144DFBEEF0537CA17A82DD /* Debug */ = {
			isa = XCBuildConfiguration;
			buildSettings = {
				BUNDLE_LOADER = "$(TEST_HOST)";
				COMBINE_HIDPI_IMAGES = YES;
				LD_RUNPATH_SEARCH_PATHS = (
					"$(inherited)",
					"@executable_path/../Frameworks",
					"@loader_path/../Frameworks",
				);
				PRODUCT_BUNDLE_IDENTIFIER = com.geneyoo.NoCrumbsTests;
				SDKROOT = macosx;
				TEST_HOST = "$(BUILT_PRODUCTS_DIR)/NoCrumbs.app/Contents/MacOS/NoCrumbs";
			};
			name = Debug;
		};
		6254000289B60DF4D2E1E444 /* Debug */ = {
			isa = XCBuildConfiguration;
			buildSettings = {
				ASSETCATALOG_COMPILER_APPICON_NAME = AppIcon;
				CODE_SIGN_ENTITLEMENTS = NoCrumbs/Resources/NoCrumbs.entitlements;
				CODE_SIGN_IDENTITY = "Apple Development";
				COMBINE_HIDPI_IMAGES = YES;
				ENABLE_HARDENED_RUNTIME = YES;
				INFOPLIST_FILE = NoCrumbs/Resources/Info.plist;
				LD_RUNPATH_SEARCH_PATHS = (
					"$(inherited)",
					"@executable_path/../Frameworks",
				);
				OTHER_LDFLAGS = "-lsqlite3";
				PRODUCT_BUNDLE_IDENTIFIER = com.geneyoo.nocrumbs;
				PRODUCT_NAME = NoCrumbs;
				SDKROOT = macosx;
			};
			name = Debug;
		};
		71D9A5EBCF2587665D542DBD /* Debug */ = {
			isa = XCBuildConfiguration;
			buildSettings = {
				ALWAYS_SEARCH_USER_PATHS = NO;
				CLANG_ANALYZER_NONNULL = YES;
				CLANG_ANALYZER_NUMBER_OBJECT_CONVERSION = YES_AGGRESSIVE;
				CLANG_CXX_LANGUAGE_STANDARD = "gnu++14";
				CLANG_CXX_LIBRARY = "libc++";
				CLANG_ENABLE_MODULES = YES;
				CLANG_ENABLE_OBJC_ARC = YES;
				CLANG_ENABLE_OBJC_WEAK = YES;
				CLANG_WARN_BLOCK_CAPTURE_AUTORELEASING = YES;
				CLANG_WARN_BOOL_CONVERSION = YES;
				CLANG_WARN_COMMA = YES;
				CLANG_WARN_CONSTANT_CONVERSION = YES;
				CLANG_WARN_DEPRECATED_OBJC_IMPLEMENTATIONS = YES;
				CLANG_WARN_DIRECT_OBJC_ISA_USAGE = YES_ERROR;
				CLANG_WARN_DOCUMENTATION_COMMENTS = YES;
				CLANG_WARN_EMPTY_BODY = YES;
				CLANG_WARN_ENUM_CONVERSION = YES;
				CLANG_WARN_INFINITE_RECURSION = YES;
				CLANG_WARN_INT_CONVERSION = YES;
				CLANG_WARN_NON_LITERAL_NULL_CONVERSION = YES;
				CLANG_WARN_OBJC_IMPLICIT_RETAIN_SELF = YES;
				CLANG_WARN_OBJC_LITERAL_CONVERSION = YES;
				CLANG_WARN_OBJC_ROOT_CLASS = YES_ERROR;
				CLANG_WARN_QUOTED_INCLUDE_IN_FRAMEWORK_HEADER = YES;
				CLANG_WARN_RANGE_LOOP_ANALYSIS = YES;
				CLANG_WARN_STRICT_PROTOTYPES = YES;
				CLANG_WARN_SUSPICIOUS_MOVE = YES;
				CLANG_WARN_UNGUARDED_AVAILABILITY = YES_AGGRESSIVE;
				CLANG_WARN_UNREACHABLE_CODE = YES;
				CLANG_WARN__DUPLICATE_METHOD_MATCH = YES;
				COPY_PHASE_STRIP = NO;
				DEBUG_INFORMATION_FORMAT = dwarf;
				DEVELOPMENT_TEAM = H32EKFDL92;
				ENABLE_STRICT_OBJC_MSGSEND = YES;
				ENABLE_TESTABILITY = YES;
				GCC_C_LANGUAGE_STANDARD = gnu11;
				GCC_DYNAMIC_NO_PIC = NO;
				GCC_NO_COMMON_BLOCKS = YES;
				GCC_OPTIMIZATION_LEVEL = 0;
				GCC_PREPROCESSOR_DEFINITIONS = (
					"$(inherited)",
					"DEBUG=1",
				);
				GCC_WARN_64_TO_32_BIT_CONVERSION = YES;
				GCC_WARN_ABOUT_RETURN_TYPE = YES_ERROR;
				GCC_WARN_UNDECLARED_SELECTOR = YES;
				GCC_WARN_UNINITIALIZED_AUTOS = YES_AGGRESSIVE;
				GCC_WARN_UNUSED_FUNCTION = YES;
				GCC_WARN_UNUSED_VARIABLE = YES;
				MACOSX_DEPLOYMENT_TARGET = 14.0;
				MTL_ENABLE_DEBUG_INFO = INCLUDE_SOURCE;
				MTL_FAST_MATH = YES;
				ONLY_ACTIVE_ARCH = YES;
				PRODUCT_NAME = "$(TARGET_NAME)";
				SDKROOT = macosx;
				SWIFT_ACTIVE_COMPILATION_CONDITIONS = DEBUG;
				SWIFT_OPTIMIZATION_LEVEL = "-Onone";
				SWIFT_VERSION = 5.9;
			};
			name = Debug;
		};
		896DC3E829B0E82CC5B59B32 /* Release */ = {
			isa = XCBuildConfiguration;
			buildSettings = {
				ASSETCATALOG_COMPILER_APPICON_NAME = AppIcon;
				CODE_SIGN_ENTITLEMENTS = NoCrumbs/Resources/NoCrumbs.entitlements;
				CODE_SIGN_IDENTITY = "Developer ID Application";
				COMBINE_HIDPI_IMAGES = YES;
				ENABLE_HARDENED_RUNTIME = YES;
				INFOPLIST_FILE = NoCrumbs/Resources/Info.plist;
				LD_RUNPATH_SEARCH_PATHS = (
					"$(inherited)",
					"@executable_path/../Frameworks",
				);
				OTHER_LDFLAGS = "-lsqlite3";
				PRODUCT_BUNDLE_IDENTIFIER = com.geneyoo.nocrumbs;
				PRODUCT_NAME = NoCrumbs;
				SDKROOT = macosx;
			};
			name = Release;
		};
		AA738C1037632DE821135561 /* Release */ = {
			isa = XCBuildConfiguration;
			buildSettings = {
				BUNDLE_LOADER = "$(TEST_HOST)";
				COMBINE_HIDPI_IMAGES = YES;
				LD_RUNPATH_SEARCH_PATHS = (
					"$(inherited)",
					"@executable_path/../Frameworks",
					"@loader_path/../Frameworks",
				);
				PRODUCT_BUNDLE_IDENTIFIER = com.geneyoo.NoCrumbsTests;
				SDKROOT = macosx;
				TEST_HOST = "$(BUILT_PRODUCTS_DIR)/NoCrumbs.app/Contents/MacOS/NoCrumbs";
			};
			name = Release;
		};
		B00095B02B0A2B3883DC7A91 /* Release */ = {
			isa = XCBuildConfiguration;
			buildSettings = {
				ALWAYS_SEARCH_USER_PATHS = NO;
				CLANG_ANALYZER_NONNULL = YES;
				CLANG_ANALYZER_NUMBER_OBJECT_CONVERSION = YES_AGGRESSIVE;
				CLANG_CXX_LANGUAGE_STANDARD = "gnu++14";
				CLANG_CXX_LIBRARY = "libc++";
				CLANG_ENABLE_MODULES = YES;
				CLANG_ENABLE_OBJC_ARC = YES;
				CLANG_ENABLE_OBJC_WEAK = YES;
				CLANG_WARN_BLOCK_CAPTURE_AUTORELEASING = YES;
				CLANG_WARN_BOOL_CONVERSION = YES;
				CLANG_WARN_COMMA = YES;
				CLANG_WARN_CONSTANT_CONVERSION = YES;
				CLANG_WARN_DEPRECATED_OBJC_IMPLEMENTATIONS = YES;
				CLANG_WARN_DIRECT_OBJC_ISA_USAGE = YES_ERROR;
				CLANG_WARN_DOCUMENTATION_COMMENTS = YES;
				CLANG_WARN_EMPTY_BODY = YES;
				CLANG_WARN_ENUM_CONVERSION = YES;
				CLANG_WARN_INFINITE_RECURSION = YES;
				CLANG_WARN_INT_CONVERSION = YES;
				CLANG_WARN_NON_LITERAL_NULL_CONVERSION = YES;
				CLANG_WARN_OBJC_IMPLICIT_RETAIN_SELF = YES;
				CLANG_WARN_OBJC_LITERAL_CONVERSION = YES;
				CLANG_WARN_OBJC_ROOT_CLASS = YES_ERROR;
				CLANG_WARN_QUOTED_INCLUDE_IN_FRAMEWORK_HEADER = YES;
				CLANG_WARN_RANGE_LOOP_ANALYSIS = YES;
				CLANG_WARN_STRICT_PROTOTYPES = YES;
				CLANG_WARN_SUSPICIOUS_MOVE = YES;
				CLANG_WARN_UNGUARDED_AVAILABILITY = YES_AGGRESSIVE;
				CLANG_WARN_UNREACHABLE_CODE = YES;
				CLANG_WARN__DUPLICATE_METHOD_MATCH = YES;
				COPY_PHASE_STRIP = NO;
				DEBUG_INFORMATION_FORMAT = "dwarf-with-dsym";
				DEVELOPMENT_TEAM = H32EKFDL92;
				ENABLE_NS_ASSERTIONS = NO;
				ENABLE_STRICT_OBJC_MSGSEND = YES;
				GCC_C_LANGUAGE_STANDARD = gnu11;
				GCC_NO_COMMON_BLOCKS = YES;
				GCC_WARN_64_TO_32_BIT_CONVERSION = YES;
				GCC_WARN_ABOUT_RETURN_TYPE = YES_ERROR;
				GCC_WARN_UNDECLARED_SELECTOR = YES;
				GCC_WARN_UNINITIALIZED_AUTOS = YES_AGGRESSIVE;
				GCC_WARN_UNUSED_FUNCTION = YES;
				GCC_WARN_UNUSED_VARIABLE = YES;
				MACOSX_DEPLOYMENT_TARGET = 14.0;
				MTL_ENABLE_DEBUG_INFO = NO;
				MTL_FAST_MATH = YES;
				PRODUCT_NAME = "$(TARGET_NAME)";
				SDKROOT = macosx;
				SWIFT_COMPILATION_MODE = wholemodule;
				SWIFT_OPTIMIZATION_LEVEL = "-O";
				SWIFT_VERSION = 5.9;
			};
			name = Release;
		};
/* End XCBuildConfiguration section */

/* Begin XCConfigurationList section */
		0BC5101C04FBD76FC34C1CAD /* Build configuration list for PBXNativeTarget "NoCrumbs" */ = {
			isa = XCConfigurationList;
			buildConfigurations = (
				6254000289B60DF4D2E1E444 /* Debug */,
				896DC3E829B0E82CC5B59B32 /* Release */,
			);
			defaultConfigurationIsVisible = 0;
			defaultConfigurationName = Debug;
		};
		8CDB52F4A3AC599EACC9C30F /* Build configuration list for PBXProject "NoCrumbs" */ = {
			isa = XCConfigurationList;
			buildConfigurations = (
				71D9A5EBCF2587665D542DBD /* Debug */,
				B00095B02B0A2B3883DC7A91 /* Release */,
			);
			defaultConfigurationIsVisible = 0;
			defaultConfigurationName = Debug;
		};
		A755C4C6298B428718905C42 /* Build configuration list for PBXNativeTarget "NoCrumbsTests" */ = {
			isa = XCConfigurationList;
			buildConfigurations = (
				12144DFBEEF0537CA17A82DD /* Debug */,
				AA738C1037632DE821135561 /* Release */,
			);
			defaultConfigurationIsVisible = 0;
			defaultConfigurationName = Debug;
		};
/* End XCConfigurationList section */

/* Begin XCRemoteSwiftPackageReference section */
		6CE68F545477925B1DC24092 /* XCRemoteSwiftPackageReference "Sparkle" */ = {
			isa = XCRemoteSwiftPackageReference;
			repositoryURL = "https://github.com/sparkle-project/Sparkle.git";
			requirement = {
				kind = upToNextMajorVersion;
				minimumVersion = 2.0.0;
			};
		};
/* End XCRemoteSwiftPackageReference section */

/* Begin XCSwiftPackageProductDependency section */
		E7DF57F61F6B0D86D735C19F /* Sparkle */ = {
			isa = XCSwiftPackageProductDependency;
			package = 6CE68F545477925B1DC24092 /* XCRemoteSwiftPackageReference "Sparkle" */;
			productName = Sparkle;
		};
/* End XCSwiftPackageProductDependency section */
	};
	rootObject = 766A6945A5C1A796CA8E519A /* Project object */;
}
